
Microsoft Visual Studio Solution File, Format Version 12.00
# Visual Studio Version 17
VisualStudioVersion = 17.4.33213.308
MinimumVisualStudioVersion = 10.0.40219.1
Project("{FAE04EC0-301F-11D3-BF4B-00C04F79EFBC}") = "MainProject", "TrainingCsharp\MainProject.csproj", "{A1D42CCC-8807-4E50-9489-4C429AE42F28}"
EndProject
Global
	GlobalSection(SolutionConfigurationPlatforms) = preSolution
		Debug|Any CPU = Debug|Any CPU
		Release|Any CPU = Release|Any CPU
	EndGlobalSection
	GlobalSection(ProjectConfigurationPlatforms) = postSolution
		{A1D42CCC-8807-4E50-9489-4C429AE42F28}.Debug|Any CPU.ActiveCfg = Debug|Any CPU
		{A1D42CCC-8807-4E50-9489-4C429AE42F28}.Debug|Any CPU.Build.0 = Debug|Any CPU
		{A1D42CCC-8807-4E50-9489-4C429AE42F28}.Release|Any CPU.ActiveCfg = Release|Any CPU
		{A1D42CCC-8807-4E50-9489-4C429AE42F28}.Release|Any CPU.Build.0 = Release|Any CPU
	EndGlobalSection
	GlobalSection(SolutionProperties) = preSolution
		HideSolutionNode = FALSE
	EndGlobalSection
	GlobalSection(ExtensibilityGlobals) = postSolution
		SolutionGuid = {A2AB5459-085C-4AF6-9F1F-DB7D6BB6AC88}
	EndGlobalSection
EndGlobal
